{
  "name": "unify-build",
  "lockfileVersion": 3,
  "requires": true,
  "packages": {
    "": {
      "dependencies": {
        "@giantcroissant-lunar/lunar-snake-hub": "file:../../../lunar-snake-hub/giantcroissant-lunar-lunar-snake-hub-0.1.0.tgz"
      }
    },
    "node_modules/@giantcroissant-lunar/lunar-snake-hub": {
      "version": "0.1.0",
      "resolved": "file:../../../lunar-snake-hub/giantcroissant-lunar-lunar-snake-hub-0.1.0.tgz",
      "integrity": "sha512-QWvT6xaZbdlm0bqx/MD4Z//2KII0rd6lpKTAnWblL3OCdkdFVVRv6ReLRPvoOnycHc7Ac88vPr292a0qF3yAiA==",
      "hasInstallScript": true,
      "license": "UNLICENSED",
      "bin": {
        "hub-install-hooks": "bin/hub-install-hooks.js",
        "hub-uninstall-hooks": "bin/hub-uninstall-hooks.js"
      }
    }
  }
}
